
Microsoft Visual Studio Solution File, Format Version 12.00
# Visual Studio Version 17
VisualStudioVersion = 17.2.32616.157
MinimumVisualStudioVersion = 10.0.40219.1
Project("{FAE04EC0-301F-11D3-BF4B-00C04F79EFBC}") = "DemoJWT", "DemoJWT.csproj", "{E157E60A-F86E-42F8-993C-F248442259B5}"
EndProject
Project("{2150E333-8FDC-42A3-9474-1A3956D46DE8}") = "Solution Items", "Solution Items", "{B585D337-0DAD-428C-AF00-E825676354B2}"
	ProjectSection(SolutionItems) = preProject
		.editorconfig = .editorconfig
	EndProjectSection
EndProject
Global
	GlobalSection(SolutionConfigurationPlatforms) = preSolution
		Debug|Any CPU = Debug|Any CPU
		Release|Any CPU = Release|Any CPU
	EndGlobalSection
	GlobalSection(ProjectConfigurationPlatforms) = postSolution
		{E157E60A-F86E-42F8-993C-F248442259B5}.Debug|Any CPU.ActiveCfg = Debug|Any CPU
		{E157E60A-F86E-42F8-993C-F248442259B5}.Debug|Any CPU.Build.0 = Debug|Any CPU
		{E157E60A-F86E-42F8-993C-F248442259B5}.Release|Any CPU.ActiveCfg = Release|Any CPU
		{E157E60A-F86E-42F8-993C-F248442259B5}.Release|Any CPU.Build.0 = Release|Any CPU
	EndGlobalSection
	GlobalSection(SolutionProperties) = preSolution
		HideSolutionNode = FALSE
	EndGlobalSection
	GlobalSection(ExtensibilityGlobals) = postSolution
		SolutionGuid = {792D6139-DE38-46F2-8497-41CF9EBF9972}
	EndGlobalSection
EndGlobal
